
Microsoft Visual Studio Solution File, Format Version 12.00
# Visual Studio 15
VisualStudioVersion = 15.0.27428.2005
MinimumVisualStudioVersion = 10.0.40219.1
Project("{FAE04EC0-301F-11D3-BF4B-00C04F79EFBC}") = "Web Browser", "Web Browser\Web Browser.csproj", "{3A792CB3-6FA6-464C-A22A-BFE224F0E604}"
EndProject
Global
	GlobalSection(SolutionConfigurationPlatforms) = preSolution
		Debug|Any CPU = Debug|Any CPU
		Release|Any CPU = Release|Any CPU
	EndGlobalSection
	GlobalSection(ProjectConfigurationPlatforms) = postSolution
		{3A792CB3-6FA6-464C-A22A-BFE224F0E604}.Debug|Any CPU.ActiveCfg = Debug|Any CPU
		{3A792CB3-6FA6-464C-A22A-BFE224F0E604}.Debug|Any CPU.Build.0 = Debug|Any CPU
		{3A792CB3-6FA6-464C-A22A-BFE224F0E604}.Release|Any CPU.ActiveCfg = Release|Any CPU
		{3A792CB3-6FA6-464C-A22A-BFE224F0E604}.Release|Any CPU.Build.0 = Release|Any CPU
	EndGlobalSection
	GlobalSection(SolutionProperties) = preSolution
		HideSolutionNode = FALSE
	EndGlobalSection
	GlobalSection(ExtensibilityGlobals) = postSolution
		SolutionGuid = {F55ADA39-F314-4079-8097-6730F9FAA890}
	EndGlobalSection
EndGlobal
